{
    "_readme": [
        "This file locks the dependencies of your project to a known state",
        "Read more about it at https://getcomposer.org/doc/01-basic-usage.md#installing-dependencies",
        "This file is @generated automatically"
    ],
    "content-hash": "70fb72082709cc5f798645656e8c4865",
    "packages": [
        {
            "name": "twisterarmy/twister",
            "version": "1.0.0",
            "source": {
                "type": "git",
                "url": "https://github.com/twisterarmy/twister-php.git",
                "reference": "5761f1b90b25caf58fef7a1274b91af9c25a1831"
            },
            "dist": {
                "type": "zip",
                "url": "https://api.github.com/repos/twisterarmy/twister-php/zipball/5761f1b90b25caf58fef7a1274b91af9c25a1831",
                "reference": "5761f1b90b25caf58fef7a1274b91af9c25a1831",
                "shasum": ""
            },
            "type": "library",
            "autoload": {
                "psr-4": {
                    "Twisterarmy\\Twister\\": "src/"
                }
            },
            "notification-url": "https://packagist.org/downloads/",
            "license": [
                "MIT"
            ],
            "description": "PHP 8 / Composer Tools for Twister API",
            "support": {
                "issues": "https://github.com/twisterarmy/twister-php/issues",
                "source": "https://github.com/twisterarmy/twister-php/tree/1.0.0"
            },
            "time": "2023-12-21T03:22:50+00:00"
        }
    ],
    "packages-dev": [],
    "aliases": [],
    "minimum-stability": "stable",
    "stability-flags": [],
    "prefer-stable": false,
    "prefer-lowest": false,
    "platform": [],
    "platform-dev": [],
    "plugin-api-version": "2.3.0"
}
